Microsoft Visual Studio Solution File, Format Version 12.00
# Visual Studio Version 17
VisualStudioVersion = 17.5.2.0
MinimumVisualStudioVersion = 10.0.40219.1
Project("{FAE04EC0-301F-11D3-BF4B-00C04F79EFBC}") = "InkHouse", "InkHouse.csproj", "{7770FD00-FD60-7C51-6F88-02FAFDAD11F9}"
EndProject
Global
	GlobalSection(SolutionConfigurationPlatforms) = preSolution
		Debug|Any CPU = Debug|Any CPU
		Release|Any CPU = Release|Any CPU
	EndGlobalSection
	GlobalSection(ProjectConfigurationPlatforms) = postSolution
		{7770FD00-FD60-7C51-6F88-02FAFDAD11F9}.Debug|Any CPU.ActiveCfg = Debug|Any CPU
		{7770FD00-FD60-7C51-6F88-02FAFDAD11F9}.Debug|Any CPU.Build.0 = Debug|Any CPU
		{7770FD00-FD60-7C51-6F88-02FAFDAD11F9}.Release|Any CPU.ActiveCfg = Release|Any CPU
		{7770FD00-FD60-7C51-6F88-02FAFDAD11F9}.Release|Any CPU.Build.0 = Release|Any CPU
	EndGlobalSection
	GlobalSection(SolutionProperties) = preSolution
		HideSolutionNode = FALSE
	EndGlobalSection
	GlobalSection(ExtensibilityGlobals) = postSolution
		SolutionGuid = {E4596767-4D56-4101-8724-A63085BD965D}
	EndGlobalSection
EndGlobal
